
Microsoft Visual Studio Solution File, Format Version 12.00
# Visual Studio Version 16
VisualStudioVersion = 16.0.31613.86
MinimumVisualStudioVersion = 10.0.40219.1
Project("{9A19103F-16F7-4668-BE54-9A1E7A4F7556}") = "Movies", "Movies\Movies.csproj", "{1F13A470-6B06-4C53-9A4F-33B6B7F47C32}"
EndProject
Global
	GlobalSection(SolutionConfigurationPlatforms) = preSolution
		Debug|Any CPU = Debug|Any CPU
		Release|Any CPU = Release|Any CPU
	EndGlobalSection
	GlobalSection(ProjectConfigurationPlatforms) = postSolution
		{1F13A470-6B06-4C53-9A4F-33B6B7F47C32}.Debug|Any CPU.ActiveCfg = Debug|Any CPU
		{1F13A470-6B06-4C53-9A4F-33B6B7F47C32}.Debug|Any CPU.Build.0 = Debug|Any CPU
		{1F13A470-6B06-4C53-9A4F-33B6B7F47C32}.Release|Any CPU.ActiveCfg = Release|Any CPU
		{1F13A470-6B06-4C53-9A4F-33B6B7F47C32}.Release|Any CPU.Build.0 = Release|Any CPU
	EndGlobalSection
	GlobalSection(SolutionProperties) = preSolution
		HideSolutionNode = FALSE
	EndGlobalSection
	GlobalSection(ExtensibilityGlobals) = postSolution
		SolutionGuid = {E5E917DA-6FBB-4A87-9C43-0B17EE42C41E}
	EndGlobalSection
EndGlobal
